// !$*UTF8*$!
{
	archiveVersion = 1;
	classes = {
	};
	objectVersion = 46;
	objects = {

/* Begin PBXBuildFile section */
		361E1BD0197169AA00BEA432 /* unknown.csv in Resources */ = {isa = PBXBuildFile; fileRef = 361E1BCF197169AA00BEA432 /* unknown.csv */; };
		36331712196ADEED000CE91E /* Foundation.framework in Frameworks */ = {isa = PBXBuildFile; fileRef = 36331711196ADEED000CE91E /* Foundation.framework */; };
		36331714196ADEED000CE91E /* CoreGraphics.framework in Frameworks */ = {isa = PBXBuildFile; fileRef = 36331713196ADEED000CE91E /* CoreGraphics.framework */; };
		36331716196ADEED000CE91E /* UIKit.framework in Frameworks */ = {isa = PBXBuildFile; fileRef = 36331715196ADEED000CE91E /* UIKit.framework */; };
		3633171C196ADEED000CE91E /* InfoPlist.strings in Resources */ = {isa = PBXBuildFile; fileRef = 3633171A196ADEED000CE91E /* InfoPlist.strings */; };
		3633171E196ADEED000CE91E /* main.m in Sources */ = {isa = PBXBuildFile; fileRef = 3633171D196ADEED000CE91E /* main.m */; };
		36331722196ADEED000CE91E /* AppDelegate.m in Sources */ = {isa = PBXBuildFile; fileRef = 36331721196ADEED000CE91E /* AppDelegate.m */; };
		36331725196ADEED000CE91E /* Main.storyboard in Resources */ = {isa = PBXBuildFile; fileRef = 36331723196ADEED000CE91E /* Main.storyboard */; };
		36331728196ADEED000CE91E /* ViewController.m in Sources */ = {isa = PBXBuildFile; fileRef = 36331727196ADEED000CE91E /* ViewController.m */; };
		3633172A196ADEED000CE91E /* Images.xcassets in Resources */ = {isa = PBXBuildFile; fileRef = 36331729196ADEED000CE91E /* Images.xcassets */; };
		36331731196ADEED000CE91E /* XCTest.framework in Frameworks */ = {isa = PBXBuildFile; fileRef = 36331730196ADEED000CE91E /* XCTest.framework */; };
		36331732196ADEED000CE91E /* Foundation.framework in Frameworks */ = {isa = PBXBuildFile; fileRef = 36331711196ADEED000CE91E /* Foundation.framework */; };
		36331733196ADEED000CE91E /* UIKit.framework in Frameworks */ = {isa = PBXBuildFile; fileRef = 36331715196ADEED000CE91E /* UIKit.framework */; };
		3633173B196ADEED000CE91E /* InfoPlist.strings in Resources */ = {isa = PBXBuildFile; fileRef = 36331739196ADEED000CE91E /* InfoPlist.strings */; };
		3633173D196ADEED000CE91E /* E_Charger_FinderTests.m in Sources */ = {isa = PBXBuildFile; fileRef = 3633173C196ADEED000CE91E /* E_Charger_FinderTests.m */; };
		36331747196ADF1B000CE91E /* MapKit.framework in Frameworks */ = {isa = PBXBuildFile; fileRef = 36331746196ADF1B000CE91E /* MapKit.framework */; };
		36331749196ADFA3000CE91E /* data.csv in Resources */ = {isa = PBXBuildFile; fileRef = 36331748196ADFA3000CE91E /* data.csv */; };
		3633174C196AE933000CE91E /* CHCSVParser.m in Sources */ = {isa = PBXBuildFile; fileRef = 3633174B196AE933000CE91E /* CHCSVParser.m */; };
		3667C26B196BF7DA00A66255 /* MBProgressHUD.m in Sources */ = {isa = PBXBuildFile; fileRef = 3667C26A196BF7DA00A66255 /* MBProgressHUD.m */; };
		3667C26D196BFBF500A66255 /* dataFull.csv in Resources */ = {isa = PBXBuildFile; fileRef = 3667C26C196BFBF500A66255 /* dataFull.csv */; };
		3667C270196BFE9E00A66255 /* TableViewCell.m in Sources */ = {isa = PBXBuildFile; fileRef = 3667C26F196BFE9E00A66255 /* TableViewCell.m */; };
		3667C273196C0A7400A66255 /* CoreLocation.framework in Frameworks */ = {isa = PBXBuildFile; fileRef = 3667C272196C0A7400A66255 /* CoreLocation.framework */; };
		3667C277196C0D1B00A66255 /* AVFoundation.framework in Frameworks */ = {isa = PBXBuildFile; fileRef = 3667C276196C0D1B00A66255 /* AVFoundation.framework */; };
		3667C279196C0D2900A66255 /* CoreData.framework in Frameworks */ = {isa = PBXBuildFile; fileRef = 3667C278196C0D2900A66255 /* CoreData.framework */; };
		3667C27B196C0D3000A66255 /* CoreText.framework in Frameworks */ = {isa = PBXBuildFile; fileRef = 3667C27A196C0D3000A66255 /* CoreText.framework */; };
		3667C27D196C0D3800A66255 /* GLKit.framework in Frameworks */ = {isa = PBXBuildFile; fileRef = 3667C27C196C0D3800A66255 /* GLKit.framework */; };
		3667C27F196C0D4600A66255 /* libc++.dylib in Frameworks */ = {isa = PBXBuildFile; fileRef = 3667C27E196C0D4600A66255 /* libc++.dylib */; };
		3667C281196C0D5700A66255 /* libicucore.dylib in Frameworks */ = {isa = PBXBuildFile; fileRef = 3667C280196C0D5700A66255 /* libicucore.dylib */; };
		3667C283196C0D5C00A66255 /* ImageIO.framework in Frameworks */ = {isa = PBXBuildFile; fileRef = 3667C282196C0D5C00A66255 /* ImageIO.framework */; };
		3667C285196C0D6400A66255 /* libz.dylib in Frameworks */ = {isa = PBXBuildFile; fileRef = 3667C284196C0D6400A66255 /* libz.dylib */; };
		3667C287196C0D6B00A66255 /* OpenGLES.framework in Frameworks */ = {isa = PBXBuildFile; fileRef = 3667C286196C0D6B00A66255 /* OpenGLES.framework */; };
		3667C289196C0D7300A66255 /* QuartzCore.framework in Frameworks */ = {isa = PBXBuildFile; fileRef = 3667C288196C0D7300A66255 /* QuartzCore.framework */; };
		3667C28B196C0D8200A66255 /* SystemConfiguration.framework in Frameworks */ = {isa = PBXBuildFile; fileRef = 3667C28A196C0D8200A66255 /* SystemConfiguration.framework */; };
		3667C28E196C0F3F00A66255 /* GoogleMaps.bundle in Resources */ = {isa = PBXBuildFile; fileRef = 3667C28D196C0F3F00A66255 /* GoogleMaps.bundle */; };
		3667C290196C0F4700A66255 /* GoogleMaps.framework in Frameworks */ = {isa = PBXBuildFile; fileRef = 3667C28F196C0F4700A66255 /* GoogleMaps.framework */; };
		3667C292196C10AF00A66255 /* AppIcon.png in Resources */ = {isa = PBXBuildFile; fileRef = 3667C291196C10AF00A66255 /* AppIcon.png */; };
		3667C294196C4DA400A66255 /* AppIcon29pt.png in Resources */ = {isa = PBXBuildFile; fileRef = 3667C293196C4DA400A66255 /* AppIcon29pt.png */; };
		3667C296196C4DD600A66255 /* AppIcon40pt.png in Resources */ = {isa = PBXBuildFile; fileRef = 3667C295196C4DD600A66255 /* AppIcon40pt.png */; };
		3667C298196C4EE200A66255 /* AppIconNew.png in Resources */ = {isa = PBXBuildFile; fileRef = 3667C297196C4EE200A66255 /* AppIconNew.png */; };
		3667C29A196C516D00A66255 /* launch1.png in Resources */ = {isa = PBXBuildFile; fileRef = 3667C299196C516D00A66255 /* launch1.png */; };
		3667C29E196C765600A66255 /* Default-568h@2x.png in Resources */ = {isa = PBXBuildFile; fileRef = 3667C29D196C765600A66255 /* Default-568h@2x.png */; };
		36E7220B196B44B5005AA147 /* chargerTableViewController.m in Sources */ = {isa = PBXBuildFile; fileRef = 36E7220A196B44B5005AA147 /* chargerTableViewController.m */; };
/* End PBXBuildFile section */

/* Begin PBXContainerItemProxy section */
		36331734196ADEED000CE91E /* PBXContainerItemProxy */ = {
			isa = PBXContainerItemProxy;
			containerPortal = 36331706196ADEED000CE91E /* Project object */;
			proxyType = 1;
			remoteGlobalIDString = 3633170D196ADEED000CE91E;
			remoteInfo = "E-Charger Finder";
		};
/* End PBXContainerItemProxy section */

/* Begin PBXFileReference section */
		361E1BCF197169AA00BEA432 /* unknown.csv */ = {isa = PBXFileReference; fileEncoding = 4; lastKnownFileType = text; path = unknown.csv; sourceTree = "<group>"; };
		3633170E196ADEED000CE91E /* E-Charger Finder.app */ = {isa = PBXFileReference; explicitFileType = wrapper.application; includeInIndex = 0; path = "E-Charger Finder.app"; sourceTree = BUILT_PRODUCTS_DIR; };
		36331711196ADEED000CE91E /* Foundation.framework */ = {isa = PBXFileReference; lastKnownFileType = wrapper.framework; name = Foundation.framework; path = System/Library/Frameworks/Foundation.framework; sourceTree = SDKROOT; };
		36331713196ADEED000CE91E /* CoreGraphics.framework */ = {isa = PBXFileReference; lastKnownFileType = wrapper.framework; name = CoreGraphics.framework; path = System/Library/Frameworks/CoreGraphics.framework; sourceTree = SDKROOT; };
		36331715196ADEED000CE91E /* UIKit.framework */ = {isa = PBXFileReference; lastKnownFileType = wrapper.framework; name = UIKit.framework; path = System/Library/Frameworks/UIKit.framework; sourceTree = SDKROOT; };
		36331719196ADEED000CE91E /* E-Charger Finder-Info.plist */ = {isa = PBXFileReference; lastKnownFileType = text.plist.xml; path = "E-Charger Finder-Info.plist"; sourceTree = "<group>"; };
		3633171B196ADEED000CE91E /* en */ = {isa = PBXFileReference; lastKnownFileType = text.plist.strings; name = en; path = en.lproj/InfoPlist.strings; sourceTree = "<group>"; };
		3633171D196ADEED000CE91E /* main.m */ = {isa = PBXFileReference; lastKnownFileType = sourcecode.c.objc; path = main.m; sourceTree = "<group>"; };
		3633171F196ADEED000CE91E /* E-Charger Finder-Prefix.pch */ = {isa = PBXFileReference; lastKnownFileType = sourcecode.c.h; path = "E-Charger Finder-Prefix.pch"; sourceTree = "<group>"; };
		36331720196ADEED000CE91E /* AppDelegate.h */ = {isa = PBXFileReference; lastKnownFileType = sourcecode.c.h; path = AppDelegate.h; sourceTree = "<group>"; };
		36331721196ADEED000CE91E /* AppDelegate.m */ = {isa = PBXFileReference; lastKnownFileType = sourcecode.c.objc; path = AppDelegate.m; sourceTree = "<group>"; };
		36331724196ADEED000CE91E /* Base */ = {isa = PBXFileReference; lastKnownFileType = file.storyboard; name = Base; path = Base.lproj/Main.storyboard; sourceTree = "<group>"; };
		36331726196ADEED000CE91E /* ViewController.h */ = {isa = PBXFileReference; lastKnownFileType = sourcecode.c.h; path = ViewController.h; sourceTree = "<group>"; };
		36331727196ADEED000CE91E /* ViewController.m */ = {isa = PBXFileReference; lastKnownFileType = sourcecode.c.objc; path = ViewController.m; sourceTree = "<group>"; };
		36331729196ADEED000CE91E /* Images.xcassets */ = {isa = PBXFileReference; lastKnownFileType = folder.assetcatalog; path = Images.xcassets; sourceTree = "<group>"; };
		3633172F196ADEED000CE91E /* E-Charger FinderTests.xctest */ = {isa = PBXFileReference; explicitFileType = wrapper.cfbundle; includeInIndex = 0; path = "E-Charger FinderTests.xctest"; sourceTree = BUILT_PRODUCTS_DIR; };
		36331730196ADEED000CE91E /* XCTest.framework */ = {isa = PBXFileReference; lastKnownFileType = wrapper.framework; name = XCTest.framework; path = Library/Frameworks/XCTest.framework; sourceTree = DEVELOPER_DIR; };
		36331738196ADEED000CE91E /* E-Charger FinderTests-Info.plist */ = {isa = PBXFileReference; lastKnownFileType = text.plist.xml; path = "E-Charger FinderTests-Info.plist"; sourceTree = "<group>"; };
		3633173A196ADEED000CE91E /* en */ = {isa = PBXFileReference; lastKnownFileType = text.plist.strings; name = en; path = en.lproj/InfoPlist.strings; sourceTree = "<group>"; };
		3633173C196ADEED000CE91E /* E_Charger_FinderTests.m */ = {isa = PBXFileReference; lastKnownFileType = sourcecode.c.objc; path = E_Charger_FinderTests.m; sourceTree = "<group>"; };
		36331746196ADF1B000CE91E /* MapKit.framework */ = {isa = PBXFileReference; lastKnownFileType = wrapper.framework; name = MapKit.framework; path = System/Library/Frameworks/MapKit.framework; sourceTree = SDKROOT; };
		36331748196ADFA3000CE91E /* data.csv */ = {isa = PBXFileReference; fileEncoding = 4; lastKnownFileType = text; path = data.csv; sourceTree = "<group>"; };
		3633174A196AE933000CE91E /* CHCSVParser.h */ = {isa = PBXFileReference; fileEncoding = 4; lastKnownFileType = sourcecode.c.h; path = CHCSVParser.h; sourceTree = "<group>"; };
		3633174B196AE933000CE91E /* CHCSVParser.m */ = {isa = PBXFileReference; fileEncoding = 4; lastKnownFileType = sourcecode.c.objc; path = CHCSVParser.m; sourceTree = "<group>"; };
		3667C269196BF7DA00A66255 /* MBProgressHUD.h */ = {isa = PBXFileReference; fileEncoding = 4; lastKnownFileType = sourcecode.c.h; path = MBProgressHUD.h; sourceTree = "<group>"; };
		3667C26A196BF7DA00A66255 /* MBProgressHUD.m */ = {isa = PBXFileReference; fileEncoding = 4; lastKnownFileType = sourcecode.c.objc; path = MBProgressHUD.m; sourceTree = "<group>"; };
		3667C26C196BFBF500A66255 /* dataFull.csv */ = {isa = PBXFileReference; fileEncoding = 4; lastKnownFileType = text; path = dataFull.csv; sourceTree = "<group>"; };
		3667C26E196BFE9E00A66255 /* TableViewCell.h */ = {isa = PBXFileReference; fileEncoding = 4; lastKnownFileType = sourcecode.c.h; path = TableViewCell.h; sourceTree = "<group>"; };
		3667C26F196BFE9E00A66255 /* TableViewCell.m */ = {isa = PBXFileReference; fileEncoding = 4; lastKnownFileType = sourcecode.c.objc; path = TableViewCell.m; sourceTree = "<group>"; };
		3667C271196C08D300A66255 /* Roboto-Regular.ttf */ = {isa = PBXFileReference; lastKnownFileType = file; path = "Roboto-Regular.ttf"; sourceTree = "<group>"; };
		3667C272196C0A7400A66255 /* CoreLocation.framework */ = {isa = PBXFileReference; lastKnownFileType = wrapper.framework; name = CoreLocation.framework; path = System/Library/Frameworks/CoreLocation.framework; sourceTree = SDKROOT; };
		3667C276196C0D1B00A66255 /* AVFoundation.framework */ = {isa = PBXFileReference; lastKnownFileType = wrapper.framework; name = AVFoundation.framework; path = System/Library/Frameworks/AVFoundation.framework; sourceTree = SDKROOT; };
		3667C278196C0D2900A66255 /* CoreData.framework */ = {isa = PBXFileReference; lastKnownFileType = wrapper.framework; name = CoreData.framework; path = System/Library/Frameworks/CoreData.framework; sourceTree = SDKROOT; };
		3667C27A196C0D3000A66255 /* CoreText.framework */ = {isa = PBXFileReference; lastKnownFileType = wrapper.framework; name = CoreText.framework; path = System/Library/Frameworks/CoreText.framework; sourceTree = SDKROOT; };
		3667C27C196C0D3800A66255 /* GLKit.framework */ = {isa = PBXFileReference; lastKnownFileType = wrapper.framework; name = GLKit.framework; path = System/Library/Frameworks/GLKit.framework; sourceTree = SDKROOT; };
		3667C27E196C0D4600A66255 /* libc++.dylib */ = {isa = PBXFileReference; lastKnownFileType = "compiled.mach-o.dylib"; name = "libc++.dylib"; path = "usr/lib/libc++.dylib"; sourceTree = SDKROOT; };
		3667C280196C0D5700A66255 /* libicucore.dylib */ = {isa = PBXFileReference; lastKnownFileType = "compiled.mach-o.dylib"; name = libicucore.dylib; path = usr/lib/libicucore.dylib; sourceTree = SDKROOT; };
		3667C282196C0D5C00A66255 /* ImageIO.framework */ = {isa = PBXFileReference; lastKnownFileType = wrapper.framework; name = ImageIO.framework; path = System/Library/Frameworks/ImageIO.framework; sourceTree = SDKROOT; };
		3667C284196C0D6400A66255 /* libz.dylib */ = {isa = PBXFileReference; lastKnownFileType = "compiled.mach-o.dylib"; name = libz.dylib; path = usr/lib/libz.dylib; sourceTree = SDKROOT; };
		3667C286196C0D6B00A66255 /* OpenGLES.framework */ = {isa = PBXFileReference; lastKnownFileType = wrapper.framework; name = OpenGLES.framework; path = System/Library/Frameworks/OpenGLES.framework; sourceTree = SDKROOT; };
		3667C288196C0D7300A66255 /* QuartzCore.framework */ = {isa = PBXFileReference; lastKnownFileType = wrapper.framework; name = QuartzCore.framework; path = System/Library/Frameworks/QuartzCore.framework; sourceTree = SDKROOT; };
		3667C28A196C0D8200A66255 /* SystemConfiguration.framework */ = {isa = PBXFileReference; lastKnownFileType = wrapper.framework; name = SystemConfiguration.framework; path = System/Library/Frameworks/SystemConfiguration.framework; sourceTree = SDKROOT; };
		3667C28D196C0F3F00A66255 /* GoogleMaps.bundle */ = {isa = PBXFileReference; lastKnownFileType = "wrapper.plug-in"; name = GoogleMaps.bundle; path = "E-Charger Finder/GoogleMaps.framework/Versions/A/Resources/GoogleMaps.bundle"; sourceTree = "<group>"; };
		3667C28F196C0F4700A66255 /* GoogleMaps.framework */ = {isa = PBXFileReference; lastKnownFileType = wrapper.framework; path = GoogleMaps.framework; sourceTree = "<group>"; };
		3667C291196C10AF00A66255 /* AppIcon.png */ = {isa = PBXFileReference; lastKnownFileType = image.png; path = AppIcon.png; sourceTree = "<group>"; };
		3667C293196C4DA400A66255 /* AppIcon29pt.png */ = {isa = PBXFileReference; lastKnownFileType = image.png; path = AppIcon29pt.png; sourceTree = "<group>"; };
		3667C295196C4DD600A66255 /* AppIcon40pt.png */ = {isa = PBXFileReference; lastKnownFileType = image.png; path = AppIcon40pt.png; sourceTree = "<group>"; };
		3667C297196C4EE200A66255 /* AppIconNew.png */ = {isa = PBXFileReference; lastKnownFileType = image.png; path = AppIconNew.png; sourceTree = "<group>"; };
		3667C299196C516D00A66255 /* launch1.png */ = {isa = PBXFileReference; lastKnownFileType = image.png; path = launch1.png; sourceTree = "<group>"; };
		3667C29D196C765600A66255 /* Default-568h@2x.png */ = {isa = PBXFileReference; lastKnownFileType = image.png; name = "Default-568h@2x.png"; path = "E-Charger Finder/Default-568h@2x.png"; sourceTree = "<group>"; };
		36E72209196B44B5005AA147 /* chargerTableViewController.h */ = {isa = PBXFileReference; fileEncoding = 4; lastKnownFileType = sourcecode.c.h; path = chargerTableViewController.h; sourceTree = "<group>"; };
		36E7220A196B44B5005AA147 /* chargerTableViewController.m */ = {isa = PBXFileReference; fileEncoding = 4; lastKnownFileType = sourcecode.c.objc; path = chargerTableViewController.m; sourceTree = "<group>"; };
/* End PBXFileReference section */

/* Begin PBXFrameworksBuildPhase section */
		3633170B196ADEED000CE91E /* Frameworks */ = {
			isa = PBXFrameworksBuildPhase;
			buildActionMask = 2147483647;
			files = (
				3667C28B196C0D8200A66255 /* SystemConfiguration.framework in Frameworks */,
				3667C289196C0D7300A66255 /* QuartzCore.framework in Frameworks */,
				3667C287196C0D6B00A66255 /* OpenGLES.framework in Frameworks */,
				3667C285196C0D6400A66255 /* libz.dylib in Frameworks */,
				3667C283196C0D5C00A66255 /* ImageIO.framework in Frameworks */,
				3667C281196C0D5700A66255 /* libicucore.dylib in Frameworks */,
				3667C27F196C0D4600A66255 /* libc++.dylib in Frameworks */,
				3667C27D196C0D3800A66255 /* GLKit.framework in Frameworks */,
				3667C27B196C0D3000A66255 /* CoreText.framework in Frameworks */,
				3667C279196C0D2900A66255 /* CoreData.framework in Frameworks */,
				3667C277196C0D1B00A66255 /* AVFoundation.framework in Frameworks */,
				3667C273196C0A7400A66255 /* CoreLocation.framework in Frameworks */,
				36331747196ADF1B000CE91E /* MapKit.framework in Frameworks */,
				36331714196ADEED000CE91E /* CoreGraphics.framework in Frameworks */,
				3667C290196C0F4700A66255 /* GoogleMaps.framework in Frameworks */,
				36331716196ADEED000CE91E /* UIKit.framework in Frameworks */,
				36331712196ADEED000CE91E /* Foundation.framework in Frameworks */,
			);
			runOnlyForDeploymentPostprocessing = 0;
		};
		3633172C196ADEED000CE91E /* Frameworks */ = {
			isa = PBXFrameworksBuildPhase;
			buildActionMask = 2147483647;
			files = (
				36331731196ADEED000CE91E /* XCTest.framework in Frameworks */,
				36331733196ADEED000CE91E /* UIKit.framework in Frameworks */,
				36331732196ADEED000CE91E /* Foundation.framework in Frameworks */,
			);
			runOnlyForDeploymentPostprocessing = 0;
		};
/* End PBXFrameworksBuildPhase section */

/* Begin PBXGroup section */
		36331705196ADEED000CE91E = {
			isa = PBXGroup;
			children = (
				3667C29D196C765600A66255 /* Default-568h@2x.png */,
				36331717196ADEED000CE91E /* E-Charger Finder */,
				36331736196ADEED000CE91E /* E-Charger FinderTests */,
				36331710196ADEED000CE91E /* Frameworks */,
				3633170F196ADEED000CE91E /* Products */,
			);
			sourceTree = "<group>";
		};
		3633170F196ADEED000CE91E /* Products */ = {
			isa = PBXGroup;
			children = (
				3633170E196ADEED000CE91E /* E-Charger Finder.app */,
				3633172F196ADEED000CE91E /* E-Charger FinderTests.xctest */,
			);
			name = Products;
			sourceTree = "<group>";
		};
		36331710196ADEED000CE91E /* Frameworks */ = {
			isa = PBXGroup;
			children = (
				3667C28D196C0F3F00A66255 /* GoogleMaps.bundle */,
				3667C28F196C0F4700A66255 /* GoogleMaps.framework */,
				3667C28A196C0D8200A66255 /* SystemConfiguration.framework */,
				3667C288196C0D7300A66255 /* QuartzCore.framework */,
				3667C286196C0D6B00A66255 /* OpenGLES.framework */,
				3667C284196C0D6400A66255 /* libz.dylib */,
				3667C282196C0D5C00A66255 /* ImageIO.framework */,
				3667C280196C0D5700A66255 /* libicucore.dylib */,
				3667C27E196C0D4600A66255 /* libc++.dylib */,
				3667C27C196C0D3800A66255 /* GLKit.framework */,
				3667C27A196C0D3000A66255 /* CoreText.framework */,
				3667C278196C0D2900A66255 /* CoreData.framework */,
				3667C276196C0D1B00A66255 /* AVFoundation.framework */,
				3667C272196C0A7400A66255 /* CoreLocation.framework */,
				36331746196ADF1B000CE91E /* MapKit.framework */,
				36331711196ADEED000CE91E /* Foundation.framework */,
				36331713196ADEED000CE91E /* CoreGraphics.framework */,
				36331715196ADEED000CE91E /* UIKit.framework */,
				36331730196ADEED000CE91E /* XCTest.framework */,
			);
			name = Frameworks;
			sourceTree = "<group>";
		};
		36331717196ADEED000CE91E /* E-Charger Finder */ = {
			isa = PBXGroup;
			children = (
				36E72209196B44B5005AA147 /* chargerTableViewController.h */,
				36E7220A196B44B5005AA147 /* chargerTableViewController.m */,
				36331720196ADEED000CE91E /* AppDelegate.h */,
				36331721196ADEED000CE91E /* AppDelegate.m */,
				36331723196ADEED000CE91E /* Main.storyboard */,
				36331726196ADEED000CE91E /* ViewController.h */,
				36331727196ADEED000CE91E /* ViewController.m */,
				3667C26E196BFE9E00A66255 /* TableViewCell.h */,
				3667C26F196BFE9E00A66255 /* TableViewCell.m */,
				36331729196ADEED000CE91E /* Images.xcassets */,
				3667C297196C4EE200A66255 /* AppIconNew.png */,
				36331718196ADEED000CE91E /* Supporting Files */,
			);
			path = "E-Charger Finder";
			sourceTree = "<group>";
		};
		36331718196ADEED000CE91E /* Supporting Files */ = {
			isa = PBXGroup;
			children = (
				361E1BCF197169AA00BEA432 /* unknown.csv */,
				3667C299196C516D00A66255 /* launch1.png */,
				3667C295196C4DD600A66255 /* AppIcon40pt.png */,
				3667C291196C10AF00A66255 /* AppIcon.png */,
				3667C271196C08D300A66255 /* Roboto-Regular.ttf */,
				3667C26C196BFBF500A66255 /* dataFull.csv */,
				3667C269196BF7DA00A66255 /* MBProgressHUD.h */,
				3667C26A196BF7DA00A66255 /* MBProgressHUD.m */,
				3633174A196AE933000CE91E /* CHCSVParser.h */,
				3633174B196AE933000CE91E /* CHCSVParser.m */,
				36331748196ADFA3000CE91E /* data.csv */,
				36331719196ADEED000CE91E /* E-Charger Finder-Info.plist */,
				3633171A196ADEED000CE91E /* InfoPlist.strings */,
				3633171D196ADEED000CE91E /* main.m */,
				3633171F196ADEED000CE91E /* E-Charger Finder-Prefix.pch */,
			);
			name = "Supporting Files";
			sourceTree = "<group>";
		};
		36331736196ADEED000CE91E /* E-Charger FinderTests */ = {
			isa = PBXGroup;
			children = (
				3633173C196ADEED000CE91E /* E_Charger_FinderTests.m */,
				36331737196ADEED000CE91E /* Supporting Files */,
			);
			path = "E-Charger FinderTests";
			sourceTree = "<group>";
		};
		36331737196ADEED000CE91E /* Supporting Files */ = {
			isa = PBXGroup;
			children = (
				3667C293196C4DA400A66255 /* AppIcon29pt.png */,
				36331738196ADEED000CE91E /* E-Charger FinderTests-Info.plist */,
				36331739196ADEED000CE91E /* InfoPlist.strings */,
			);
			name = "Supporting Files";
			sourceTree = "<group>";
		};
/* End PBXGroup section */

/* Begin PBXNativeTarget section */
		3633170D196ADEED000CE91E /* E-Charger Finder */ = {
			isa = PBXNativeTarget;
			buildConfigurationList = 36331740196ADEED000CE91E /* Build configuration list for PBXNativeTarget "E-Charger Finder" */;
			buildPhases = (
				3633170A196ADEED000CE91E /* Sources */,
				3633170B196ADEED000CE91E /* Frameworks */,
				3633170C196ADEED000CE91E /* Resources */,
			);
			buildRules = (
			);
			dependencies = (
			);
			name = "E-Charger Finder";
			productName = "E-Charger Finder";
			productReference = 3633170E196ADEED000CE91E /* E-Charger Finder.app */;
			productType = "com.apple.product-type.application";
		};
		3633172E196ADEED000CE91E /* E-Charger FinderTests */ = {
			isa = PBXNativeTarget;
			buildConfigurationList = 36331743196ADEED000CE91E /* Build configuration list for PBXNativeTarget "E-Charger FinderTests" */;
			buildPhases = (
				3633172B196ADEED000CE91E /* Sources */,
				3633172C196ADEED000CE91E /* Frameworks */,
				3633172D196ADEED000CE91E /* Resources */,
			);
			buildRules = (
			);
			dependencies = (
				36331735196ADEED000CE91E /* PBXTargetDependency */,
			);
			name = "E-Charger FinderTests";
			productName = "E-Charger FinderTests";
			productReference = 3633172F196ADEED000CE91E /* E-Charger FinderTests.xctest */;
			productType = "com.apple.product-type.bundle.unit-test";
		};
/* End PBXNativeTarget section */

/* Begin PBXProject section */
		36331706196ADEED000CE91E /* Project object */ = {
			isa = PBXProject;
			attributes = {
				LastUpgradeCheck = 0510;
				ORGANIZATIONNAME = Dot.ly;
				TargetAttributes = {
					3633170D196ADEED000CE91E = {
						DevelopmentTeam = L7K45M5C78;
					};
					3633172E196ADEED000CE91E = {
						TestTargetID = 3633170D196ADEED000CE91E;
					};
				};
			};
			buildConfigurationList = 36331709196ADEED000CE91E /* Build configuration list for PBXProject "E-Charger Finder" */;
			compatibilityVersion = "Xcode 3.2";
			developmentRegion = English;
			hasScannedForEncodings = 0;
			knownRegions = (
				en,
				Base,
			);
			mainGroup = 36331705196ADEED000CE91E;
			productRefGroup = 3633170F196ADEED000CE91E /* Products */;
			projectDirPath = "";
			projectRoot = "";
			targets = (
				3633170D196ADEED000CE91E /* E-Charger Finder */,
				3633172E196ADEED000CE91E /* E-Charger FinderTests */,
			);
		};
/* End PBXProject section */

/* Begin PBXResourcesBuildPhase section */
		3633170C196ADEED000CE91E /* Resources */ = {
			isa = PBXResourcesBuildPhase;
			buildActionMask = 2147483647;
			files = (
				3667C26D196BFBF500A66255 /* dataFull.csv in Resources */,
				3667C29E196C765600A66255 /* Default-568h@2x.png in Resources */,
				3633172A196ADEED000CE91E /* Images.xcassets in Resources */,
				3667C298196C4EE200A66255 /* AppIconNew.png in Resources */,
				3633171C196ADEED000CE91E /* InfoPlist.strings in Resources */,
				3667C29A196C516D00A66255 /* launch1.png in Resources */,
				3667C28E196C0F3F00A66255 /* GoogleMaps.bundle in Resources */,
				3667C296196C4DD600A66255 /* AppIcon40pt.png in Resources */,
				36331749196ADFA3000CE91E /* data.csv in Resources */,
				361E1BD0197169AA00BEA432 /* unknown.csv in Resources */,
				3667C292196C10AF00A66255 /* AppIcon.png in Resources */,
				36331725196ADEED000CE91E /* Main.storyboard in Resources */,
			);
			runOnlyForDeploymentPostprocessing = 0;
		};
		3633172D196ADEED000CE91E /* Resources */ = {
			isa = PBXResourcesBuildPhase;
			buildActionMask = 2147483647;
			files = (
				3633173B196ADEED000CE91E /* InfoPlist.strings in Resources */,
				3667C294196C4DA400A66255 /* AppIcon29pt.png in Resources */,
			);
			runOnlyForDeploymentPostprocessing = 0;
		};
/* End PBXResourcesBuildPhase section */

/* Begin PBXSourcesBuildPhase section */
		3633170A196ADEED000CE91E /* Sources */ = {
			isa = PBXSourcesBuildPhase;
			buildActionMask = 2147483647;
			files = (
				3667C270196BFE9E00A66255 /* TableViewCell.m in Sources */,
				3633174C196AE933000CE91E /* CHCSVParser.m in Sources */,
				3667C26B196BF7DA00A66255 /* MBProgressHUD.m in Sources */,
				36331728196ADEED000CE91E /* ViewController.m in Sources */,
				36331722196ADEED000CE91E /* AppDelegate.m in Sources */,
				3633171E196ADEED000CE91E /* main.m in Sources */,
				36E7220B196B44B5005AA147 /* chargerTableViewController.m in Sources */,
			);
			runOnlyForDeploymentPostprocessing = 0;
		};
		3633172B196ADEED000CE91E /* Sources */ = {
			isa = PBXSourcesBuildPhase;
			buildActionMask = 2147483647;
			files = (
				3633173D196ADEED000CE91E /* E_Charger_FinderTests.m in Sources */,
			);
			runOnlyForDeploymentPostprocessing = 0;
		};
/* End PBXSourcesBuildPhase section */

/* Begin PBXTargetDependency section */
		36331735196ADEED000CE91E /* PBXTargetDependency */ = {
			isa = PBXTargetDependency;
			target = 3633170D196ADEED000CE91E /* E-Charger Finder */;
			targetProxy = 36331734196ADEED000CE91E /* PBXContainerItemProxy */;
		};
/* End PBXTargetDependency section */

/* Begin PBXVariantGroup section */
		3633171A196ADEED000CE91E /* InfoPlist.strings */ = {
			isa = PBXVariantGroup;
			children = (
				3633171B196ADEED000CE91E /* en */,
			);
			name = InfoPlist.strings;
			sourceTree = "<group>";
		};
		36331723196ADEED000CE91E /* Main.storyboard */ = {
			isa = PBXVariantGroup;
			children = (
				36331724196ADEED000CE91E /* Base */,
			);
			name = Main.storyboard;
			sourceTree = "<group>";
		};
		36331739196ADEED000CE91E /* InfoPlist.strings */ = {
			isa = PBXVariantGroup;
			children = (
				3633173A196ADEED000CE91E /* en */,
			);
			name = InfoPlist.strings;
			sourceTree = "<group>";
		};
/* End PBXVariantGroup section */

/* Begin XCBuildConfiguration section */
		3633173E196ADEED000CE91E /* Debug */ = {
			isa = XCBuildConfiguration;
			buildSettings = {
				ALWAYS_SEARCH_USER_PATHS = NO;
				CLANG_CXX_LANGUAGE_STANDARD = "gnu++0x";
				CLANG_CXX_LIBRARY = "libc++";
				CLANG_ENABLE_MODULES = YES;
				CLANG_ENABLE_OBJC_ARC = YES;
				CLANG_WARN_BOOL_CONVERSION = YES;
				CLANG_WARN_CONSTANT_CONVERSION = YES;
				CLANG_WARN_DIRECT_OBJC_ISA_USAGE = YES_ERROR;
				CLANG_WARN_EMPTY_BODY = YES;
				CLANG_WARN_ENUM_CONVERSION = YES;
				CLANG_WARN_INT_CONVERSION = YES;
				CLANG_WARN_OBJC_ROOT_CLASS = YES_ERROR;
				CLANG_WARN__DUPLICATE_METHOD_MATCH = YES;
				"CODE_SIGN_IDENTITY[sdk=iphoneos*]" = "iPhone Developer";
				COPY_PHASE_STRIP = NO;
				GCC_C_LANGUAGE_STANDARD = gnu99;
				GCC_DYNAMIC_NO_PIC = NO;
				GCC_OPTIMIZATION_LEVEL = 0;
				GCC_PREPROCESSOR_DEFINITIONS = (
					"DEBUG=1",
					"$(inherited)",
				);
				GCC_SYMBOLS_PRIVATE_EXTERN = NO;
				GCC_WARN_64_TO_32_BIT_CONVERSION = YES;
				GCC_WARN_ABOUT_RETURN_TYPE = YES_ERROR;
				GCC_WARN_UNDECLARED_SELECTOR = YES;
				GCC_WARN_UNINITIALIZED_AUTOS = YES_AGGRESSIVE;
				GCC_WARN_UNUSED_FUNCTION = YES;
				GCC_WARN_UNUSED_VARIABLE = YES;
				IPHONEOS_DEPLOYMENT_TARGET = 7.1;
				ONLY_ACTIVE_ARCH = YES;
				SDKROOT = iphoneos;
			};
			name = Debug;
		};
		3633173F196ADEED000CE91E /* Release */ = {
			isa = XCBuildConfiguration;
			buildSettings = {
				ALWAYS_SEARCH_USER_PATHS = NO;
				CLANG_CXX_LANGUAGE_STANDARD = "gnu++0x";
				CLANG_CXX_LIBRARY = "libc++";
				CLANG_ENABLE_MODULES = YES;
				CLANG_ENABLE_OBJC_ARC = YES;
				CLANG_WARN_BOOL_CONVERSION = YES;
				CLANG_WARN_CONSTANT_CONVERSION = YES;
				CLANG_WARN_DIRECT_OBJC_ISA_USAGE = YES_ERROR;
				CLANG_WARN_EMPTY_BODY = YES;
				CLANG_WARN_ENUM_CONVERSION = YES;
				CLANG_WARN_INT_CONVERSION = YES;
				CLANG_WARN_OBJC_ROOT_CLASS = YES_ERROR;
				CLANG_WARN__DUPLICATE_METHOD_MATCH = YES;
				"CODE_SIGN_IDENTITY[sdk=iphoneos*]" = "iPhone Developer";
				COPY_PHASE_STRIP = YES;
				ENABLE_NS_ASSERTIONS = NO;
				GCC_C_LANGUAGE_STANDARD = gnu99;
				GCC_WARN_64_TO_32_BIT_CONVERSION = YES;
				GCC_WARN_ABOUT_RETURN_TYPE = YES_ERROR;
				GCC_WARN_UNDECLARED_SELECTOR = YES;
				GCC_WARN_UNINITIALIZED_AUTOS = YES_AGGRESSIVE;
				GCC_WARN_UNUSED_FUNCTION = YES;
				GCC_WARN_UNUSED_VARIABLE = YES;
				IPHONEOS_DEPLOYMENT_TARGET = 7.1;
				SDKROOT = iphoneos;
				VALIDATE_PRODUCT = YES;
			};
			name = Release;
		};
		36331741196ADEED000CE91E /* Debug */ = {
			isa = XCBuildConfiguration;
			buildSettings = {
				ASSETCATALOG_COMPILER_APPICON_NAME = "AppIcon-2";
				ASSETCATALOG_COMPILER_LAUNCHIMAGE_NAME = "LaunchImage-2";
				CODE_SIGN_IDENTITY = "iPhone Developer";
				FRAMEWORK_SEARCH_PATHS = (
					"$(inherited)",
					"$(PROJECT_DIR)",
				);
				GCC_PRECOMPILE_PREFIX_HEADER = YES;
				GCC_PREFIX_HEADER = "E-Charger Finder/E-Charger Finder-Prefix.pch";
				INFOPLIST_FILE = "E-Charger Finder/E-Charger Finder-Info.plist";
				IPHONEOS_DEPLOYMENT_TARGET = 7.1;
				OTHER_LDFLAGS = "-ObjC";
				PRODUCT_NAME = "$(TARGET_NAME)";
				WRAPPER_EXTENSION = app;
			};
			name = Debug;
		};
		36331742196ADEED000CE91E /* Release */ = {
			isa = XCBuildConfiguration;
			buildSettings = {
				ASSETCATALOG_COMPILER_APPICON_NAME = "AppIcon-2";
				ASSETCATALOG_COMPILER_LAUNCHIMAGE_NAME = "LaunchImage-2";
				CODE_SIGN_IDENTITY = "iPhone Developer";
				FRAMEWORK_SEARCH_PATHS = (
					"$(inherited)",
					"$(PROJECT_DIR)",
				);
				GCC_PRECOMPILE_PREFIX_HEADER = YES;
				GCC_PREFIX_HEADER = "E-Charger Finder/E-Charger Finder-Prefix.pch";
				INFOPLIST_FILE = "E-Charger Finder/E-Charger Finder-Info.plist";
				IPHONEOS_DEPLOYMENT_TARGET = 7.1;
				OTHER_LDFLAGS = "-ObjC";
				PRODUCT_NAME = "$(TARGET_NAME)";
				WRAPPER_EXTENSION = app;
			};
			name = Release;
		};
		36331744196ADEED000CE91E /* Debug */ = {
			isa = XCBuildConfiguration;
			buildSettings = {
				BUNDLE_LOADER = "$(BUILT_PRODUCTS_DIR)/E-Charger Finder.app/E-Charger Finder";
				FRAMEWORK_SEARCH_PATHS = (
					"$(SDKROOT)/Developer/Library/Frameworks",
					"$(inherited)",
					"$(DEVELOPER_FRAMEWORKS_DIR)",
				);
				GCC_PRECOMPILE_PREFIX_HEADER = YES;
				GCC_PREFIX_HEADER = "E-Charger Finder/E-Charger Finder-Prefix.pch";
				GCC_PREPROCESSOR_DEFINITIONS = (
					"DEBUG=1",
					"$(inherited)",
				);
				INFOPLIST_FILE = "E-Charger FinderTests/E-Charger FinderTests-Info.plist";
				PRODUCT_NAME = "$(TARGET_NAME)";
				TEST_HOST = "$(BUNDLE_LOADER)";
				WRAPPER_EXTENSION = xctest;
			};
			name = Debug;
		};
		36331745196ADEED000CE91E /* Release */ = {
			isa = XCBuildConfiguration;
			buildSettings = {
				BUNDLE_LOADER = "$(BUILT_PRODUCTS_DIR)/E-Charger Finder.app/E-Charger Finder";
				FRAMEWORK_SEARCH_PATHS = (
					"$(SDKROOT)/Developer/Library/Frameworks",
					"$(inherited)",
					"$(DEVELOPER_FRAMEWORKS_DIR)",
				);
				GCC_PRECOMPILE_PREFIX_HEADER = YES;
				GCC_PREFIX_HEADER = "E-Charger Finder/E-Charger Finder-Prefix.pch";
				INFOPLIST_FILE = "E-Charger FinderTests/E-Charger FinderTests-Info.plist";
				PRODUCT_NAME = "$(TARGET_NAME)";
				TEST_HOST = "$(BUNDLE_LOADER)";
				WRAPPER_EXTENSION = xctest;
			};
			name = Release;
		};
/* End XCBuildConfiguration section */

/* Begin XCConfigurationList section */
		36331709196ADEED000CE91E /* Build configuration list for PBXProject "E-Charger Finder" */ = {
			isa = XCConfigurationList;
			buildConfigurations = (
				3633173E196ADEED000CE91E /* Debug */,
				3633173F196ADEED000CE91E /* Release */,
			);
			defaultConfigurationIsVisible = 0;
			defaultConfigurationName = Release;
		};
		36331740196ADEED000CE91E /* Build configuration list for PBXNativeTarget "E-Charger Finder" */ = {
			isa = XCConfigurationList;
			buildConfigurations = (
				36331741196ADEED000CE91E /* Debug */,
				36331742196ADEED000CE91E /* Release */,
			);
			defaultConfigurationIsVisible = 0;
			defaultConfigurationName = Release;
		};
		36331743196ADEED000CE91E /* Build configuration list for PBXNativeTarget "E-Charger FinderTests" */ = {
			isa = XCConfigurationList;
			buildConfigurations = (
				36331744196ADEED000CE91E /* Debug */,
				36331745196ADEED000CE91E /* Release */,
			);
			defaultConfigurationIsVisible = 0;
			defaultConfigurationName = Release;
		};
/* End XCConfigurationList section */
	};
	rootObject = 36331706196ADEED000CE91E /* Project object */;
}
